
Microsoft Visual Studio Solution File, Format Version 12.00
# Visual Studio Version 16
VisualStudioVersion = 16.0.30114.105
MinimumVisualStudioVersion = 10.0.40219.1
Project("{FAE04EC0-301F-11D3-BF4B-00C04F79EFBC}") = "SampleRegression.ConsoleApp", "SampleRegression.ConsoleApp\SampleRegression.ConsoleApp.csproj", "{4A82A856-0EEE-4582-8D3B-5D5348DE415F}"
EndProject
Project("{FAE04EC0-301F-11D3-BF4B-00C04F79EFBC}") = "SampleRegression.Model", "SampleRegression.Model\SampleRegression.Model.csproj", "{1CFEBBE1-C5EB-4F49-9813-66BD4BF3D6A4}"
EndProject
Global
	GlobalSection(SolutionConfigurationPlatforms) = preSolution
		Debug|Any CPU = Debug|Any CPU
		Release|Any CPU = Release|Any CPU
	EndGlobalSection
	GlobalSection(SolutionProperties) = preSolution
		HideSolutionNode = FALSE
	EndGlobalSection
	GlobalSection(ProjectConfigurationPlatforms) = postSolution
		{4A82A856-0EEE-4582-8D3B-5D5348DE415F}.Debug|Any CPU.ActiveCfg = Debug|Any CPU
		{4A82A856-0EEE-4582-8D3B-5D5348DE415F}.Debug|Any CPU.Build.0 = Debug|Any CPU
		{4A82A856-0EEE-4582-8D3B-5D5348DE415F}.Release|Any CPU.ActiveCfg = Release|Any CPU
		{4A82A856-0EEE-4582-8D3B-5D5348DE415F}.Release|Any CPU.Build.0 = Release|Any CPU
		{1CFEBBE1-C5EB-4F49-9813-66BD4BF3D6A4}.Debug|Any CPU.ActiveCfg = Debug|Any CPU
		{1CFEBBE1-C5EB-4F49-9813-66BD4BF3D6A4}.Debug|Any CPU.Build.0 = Debug|Any CPU
		{1CFEBBE1-C5EB-4F49-9813-66BD4BF3D6A4}.Release|Any CPU.ActiveCfg = Release|Any CPU
		{1CFEBBE1-C5EB-4F49-9813-66BD4BF3D6A4}.Release|Any CPU.Build.0 = Release|Any CPU
	EndGlobalSection
EndGlobal
