
Microsoft Visual Studio Solution File, Format Version 12.00
# Visual Studio Version 17
VisualStudioVersion = 17.0.31808.319
MinimumVisualStudioVersion = 10.0.40219.1
Project("{FAE04EC0-301F-11D3-BF4B-00C04F79EFBC}") = "HousePricePrediction", "HousePricePrediction\HousePricePrediction.csproj", "{C494F136-AC27-4C68-8AF4-ADAD4BD1EF96}"
EndProject
Global
	GlobalSection(SolutionConfigurationPlatforms) = preSolution
		Debug|Any CPU = Debug|Any CPU
		Release|Any CPU = Release|Any CPU
	EndGlobalSection
	GlobalSection(ProjectConfigurationPlatforms) = postSolution
		{C494F136-AC27-4C68-8AF4-ADAD4BD1EF96}.Debug|Any CPU.ActiveCfg = Debug|Any CPU
		{C494F136-AC27-4C68-8AF4-ADAD4BD1EF96}.Debug|Any CPU.Build.0 = Debug|Any CPU
		{C494F136-AC27-4C68-8AF4-ADAD4BD1EF96}.Release|Any CPU.ActiveCfg = Release|Any CPU
		{C494F136-AC27-4C68-8AF4-ADAD4BD1EF96}.Release|Any CPU.Build.0 = Release|Any CPU
	EndGlobalSection
	GlobalSection(SolutionProperties) = preSolution
		HideSolutionNode = FALSE
	EndGlobalSection
	GlobalSection(ExtensibilityGlobals) = postSolution
		SolutionGuid = {605C5FCF-04EC-4F44-A4D6-0A54FBE385FF}
	EndGlobalSection
EndGlobal
